// !$*UTF8*$!
{
	archiveVersion = 1;
	classes = {
	};
	objectVersion = 46;
	objects = {

/* Begin PBXBuildFile section */
		723DC1EC6DE50149365A42AB /* Pods_Node_Swift.framework in Frameworks */ = {isa = PBXBuildFile; fileRef = 871D49ACBB913CE9480683E1 /* Pods_Node_Swift.framework */; };
		7C0151EF1F5C536D006F8E5D /* TopicViewController.swift in Sources */ = {isa = PBXBuildFile; fileRef = 7C0151ED1F5C536D006F8E5D /* TopicViewController.swift */; };
		7C0151F01F5C536D006F8E5D /* MainViewController.swift in Sources */ = {isa = PBXBuildFile; fileRef = 7C0151EE1F5C536D006F8E5D /* MainViewController.swift */; };
		7C0151F21F5C5398006F8E5D /* TopicsModel.swift in Sources */ = {isa = PBXBuildFile; fileRef = 7C0151F11F5C5398006F8E5D /* TopicsModel.swift */; };
		7C0151F41F5C53B0006F8E5D /* Author.swift in Sources */ = {isa = PBXBuildFile; fileRef = 7C0151F31F5C53B0006F8E5D /* Author.swift */; };
		7C0151F61F5C5439006F8E5D /* Topic.swift in Sources */ = {isa = PBXBuildFile; fileRef = 7C0151F51F5C5439006F8E5D /* Topic.swift */; };
		7C0151F91F5C5655006F8E5D /* TopicTableViewCell.swift in Sources */ = {isa = PBXBuildFile; fileRef = 7C0151F81F5C5655006F8E5D /* TopicTableViewCell.swift */; };
		7CCE4EAC1F58E04E004D8089 /* AppDelegate.swift in Sources */ = {isa = PBXBuildFile; fileRef = 7CCE4EAB1F58E04E004D8089 /* AppDelegate.swift */; };
		7CCE4EB11F58E04E004D8089 /* Main.storyboard in Resources */ = {isa = PBXBuildFile; fileRef = 7CCE4EAF1F58E04E004D8089 /* Main.storyboard */; };
		7CCE4EB31F58E04E004D8089 /* Assets.xcassets in Resources */ = {isa = PBXBuildFile; fileRef = 7CCE4EB21F58E04E004D8089 /* Assets.xcassets */; };
		7CCE4EB61F58E04E004D8089 /* LaunchScreen.storyboard in Resources */ = {isa = PBXBuildFile; fileRef = 7CCE4EB41F58E04E004D8089 /* LaunchScreen.storyboard */; };
/* End PBXBuildFile section */

/* Begin PBXFileReference section */
		37F8E3B960E69AE3468FA546 /* Pods-Node-Swift.debug.xcconfig */ = {isa = PBXFileReference; includeInIndex = 1; lastKnownFileType = text.xcconfig; name = "Pods-Node-Swift.debug.xcconfig"; path = "Pods/Target Support Files/Pods-Node-Swift/Pods-Node-Swift.debug.xcconfig"; sourceTree = "<group>"; };
		790124E0A2CD178AE2425343 /* Pods-Node-Swift.release.xcconfig */ = {isa = PBXFileReference; includeInIndex = 1; lastKnownFileType = text.xcconfig; name = "Pods-Node-Swift.release.xcconfig"; path = "Pods/Target Support Files/Pods-Node-Swift/Pods-Node-Swift.release.xcconfig"; sourceTree = "<group>"; };
		7C0151ED1F5C536D006F8E5D /* TopicViewController.swift */ = {isa = PBXFileReference; fileEncoding = 4; lastKnownFileType = sourcecode.swift; path = TopicViewController.swift; sourceTree = "<group>"; };
		7C0151EE1F5C536D006F8E5D /* MainViewController.swift */ = {isa = PBXFileReference; fileEncoding = 4; lastKnownFileType = sourcecode.swift; path = MainViewController.swift; sourceTree = "<group>"; };
		7C0151F11F5C5398006F8E5D /* TopicsModel.swift */ = {isa = PBXFileReference; fileEncoding = 4; lastKnownFileType = sourcecode.swift; path = TopicsModel.swift; sourceTree = "<group>"; };
		7C0151F31F5C53B0006F8E5D /* Author.swift */ = {isa = PBXFileReference; fileEncoding = 4; lastKnownFileType = sourcecode.swift; path = Author.swift; sourceTree = "<group>"; };
		7C0151F51F5C5439006F8E5D /* Topic.swift */ = {isa = PBXFileReference; fileEncoding = 4; lastKnownFileType = sourcecode.swift; path = Topic.swift; sourceTree = "<group>"; };
		7C0151F81F5C5655006F8E5D /* TopicTableViewCell.swift */ = {isa = PBXFileReference; fileEncoding = 4; lastKnownFileType = sourcecode.swift; path = TopicTableViewCell.swift; sourceTree = "<group>"; };
		7CCE4EA81F58E04E004D8089 /* Node-Swift.app */ = {isa = PBXFileReference; explicitFileType = wrapper.application; includeInIndex = 0; path = "Node-Swift.app"; sourceTree = BUILT_PRODUCTS_DIR; };
		7CCE4EAB1F58E04E004D8089 /* AppDelegate.swift */ = {isa = PBXFileReference; lastKnownFileType = sourcecode.swift; path = AppDelegate.swift; sourceTree = "<group>"; };
		7CCE4EB01F58E04E004D8089 /* Base */ = {isa = PBXFileReference; lastKnownFileType = file.storyboard; name = Base; path = Base.lproj/Main.storyboard; sourceTree = "<group>"; };
		7CCE4EB21F58E04E004D8089 /* Assets.xcassets */ = {isa = PBXFileReference; lastKnownFileType = folder.assetcatalog; path = Assets.xcassets; sourceTree = "<group>"; };
		7CCE4EB51F58E04E004D8089 /* Base */ = {isa = PBXFileReference; lastKnownFileType = file.storyboard; name = Base; path = Base.lproj/LaunchScreen.storyboard; sourceTree = "<group>"; };
		7CCE4EB71F58E04E004D8089 /* Info.plist */ = {isa = PBXFileReference; lastKnownFileType = text.plist.xml; path = Info.plist; sourceTree = "<group>"; };
		871D49ACBB913CE9480683E1 /* Pods_Node_Swift.framework */ = {isa = PBXFileReference; explicitFileType = wrapper.framework; includeInIndex = 0; path = Pods_Node_Swift.framework; sourceTree = BUILT_PRODUCTS_DIR; };
/* End PBXFileReference section */

/* Begin PBXFrameworksBuildPhase section */
		7CCE4EA51F58E04E004D8089 /* Frameworks */ = {
			isa = PBXFrameworksBuildPhase;
			buildActionMask = 2147483647;
			files = (
				723DC1EC6DE50149365A42AB /* Pods_Node_Swift.framework in Frameworks */,
			);
			runOnlyForDeploymentPostprocessing = 0;
		};
/* End PBXFrameworksBuildPhase section */

/* Begin PBXGroup section */
		3CD3AD7533FEAC7E0EB8139E /* Frameworks */ = {
			isa = PBXGroup;
			children = (
				871D49ACBB913CE9480683E1 /* Pods_Node_Swift.framework */,
			);
			name = Frameworks;
			sourceTree = "<group>";
		};
		7C0151EC1F5C533A006F8E5D /* Model */ = {
			isa = PBXGroup;
			children = (
				7C0151F11F5C5398006F8E5D /* TopicsModel.swift */,
				7C0151F31F5C53B0006F8E5D /* Author.swift */,
				7C0151F51F5C5439006F8E5D /* Topic.swift */,
			);
			path = Model;
			sourceTree = "<group>";
		};
		7C0151F71F5C5639006F8E5D /* Cells */ = {
			isa = PBXGroup;
			children = (
				7C0151F81F5C5655006F8E5D /* TopicTableViewCell.swift */,
			);
			path = Cells;
			sourceTree = "<group>";
		};
		7CCE4E9F1F58E04E004D8089 = {
			isa = PBXGroup;
			children = (
				7CCE4EAA1F58E04E004D8089 /* Node-Swift */,
				7CCE4EA91F58E04E004D8089 /* Products */,
				A5F67B40C3E7A539404EE999 /* Pods */,
				3CD3AD7533FEAC7E0EB8139E /* Frameworks */,
			);
			sourceTree = "<group>";
		};
		7CCE4EA91F58E04E004D8089 /* Products */ = {
			isa = PBXGroup;
			children = (
				7CCE4EA81F58E04E004D8089 /* Node-Swift.app */,
			);
			name = Products;
			sourceTree = "<group>";
		};
		7CCE4EAA1F58E04E004D8089 /* Node-Swift */ = {
			isa = PBXGroup;
			children = (
				7C0151F71F5C5639006F8E5D /* Cells */,
				7C0151EC1F5C533A006F8E5D /* Model */,
				7CCE4EAB1F58E04E004D8089 /* AppDelegate.swift */,
				7C0151ED1F5C536D006F8E5D /* TopicViewController.swift */,
				7C0151EE1F5C536D006F8E5D /* MainViewController.swift */,
				7CCE4EAF1F58E04E004D8089 /* Main.storyboard */,
				7CCE4EB21F58E04E004D8089 /* Assets.xcassets */,
				7CCE4EB41F58E04E004D8089 /* LaunchScreen.storyboard */,
				7CCE4EB71F58E04E004D8089 /* Info.plist */,
			);
			path = "Node-Swift";
			sourceTree = "<group>";
		};
		A5F67B40C3E7A539404EE999 /* Pods */ = {
			isa = PBXGroup;
			children = (
				37F8E3B960E69AE3468FA546 /* Pods-Node-Swift.debug.xcconfig */,
				790124E0A2CD178AE2425343 /* Pods-Node-Swift.release.xcconfig */,
			);
			name = Pods;
			sourceTree = "<group>";
		};
/* End PBXGroup section */

/* Begin PBXNativeTarget section */
		7CCE4EA71F58E04E004D8089 /* Node-Swift */ = {
			isa = PBXNativeTarget;
			buildConfigurationList = 7CCE4ED01F58E04E004D8089 /* Build configuration list for PBXNativeTarget "Node-Swift" */;
			buildPhases = (
				1B4E56832D3B8DFB8F4A360C /* [CP] Check Pods Manifest.lock */,
				7CCE4EA41F58E04E004D8089 /* Sources */,
				7CCE4EA51F58E04E004D8089 /* Frameworks */,
				7CCE4EA61F58E04E004D8089 /* Resources */,
				F758B96926B2EA4521D4D89D /* [CP] Embed Pods Frameworks */,
				ED074C74947FA3F2511A0A16 /* [CP] Copy Pods Resources */,
			);
			buildRules = (
			);
			dependencies = (
			);
			name = "Node-Swift";
			productName = "Node-Swift";
			productReference = 7CCE4EA81F58E04E004D8089 /* Node-Swift.app */;
			productType = "com.apple.product-type.application";
		};
/* End PBXNativeTarget section */

/* Begin PBXProject section */
		7CCE4EA01F58E04E004D8089 /* Project object */ = {
			isa = PBXProject;
			attributes = {
				LastSwiftUpdateCheck = 0830;
				LastUpgradeCheck = 0830;
				ORGANIZATIONNAME = TF;
				TargetAttributes = {
					7CCE4EA71F58E04E004D8089 = {
						CreatedOnToolsVersion = 8.3.3;
						DevelopmentTeam = 2FT3LX2S2F;
						ProvisioningStyle = Automatic;
					};
				};
			};
			buildConfigurationList = 7CCE4EA31F58E04E004D8089 /* Build configuration list for PBXProject "Node-Swift" */;
			compatibilityVersion = "Xcode 3.2";
			developmentRegion = English;
			hasScannedForEncodings = 0;
			knownRegions = (
				en,
				Base,
			);
			mainGroup = 7CCE4E9F1F58E04E004D8089;
			productRefGroup = 7CCE4EA91F58E04E004D8089 /* Products */;
			projectDirPath = "";
			projectRoot = "";
			targets = (
				7CCE4EA71F58E04E004D8089 /* Node-Swift */,
			);
		};
/* End PBXProject section */

/* Begin PBXResourcesBuildPhase section */
		7CCE4EA61F58E04E004D8089 /* Resources */ = {
			isa = PBXResourcesBuildPhase;
			buildActionMask = 2147483647;
			files = (
				7CCE4EB61F58E04E004D8089 /* LaunchScreen.storyboard in Resources */,
				7CCE4EB31F58E04E004D8089 /* Assets.xcassets in Resources */,
				7CCE4EB11F58E04E004D8089 /* Main.storyboard in Resources */,
			);
			runOnlyForDeploymentPostprocessing = 0;
		};
/* End PBXResourcesBuildPhase section */

/* Begin PBXShellScriptBuildPhase section */
		1B4E56832D3B8DFB8F4A360C /* [CP] Check Pods Manifest.lock */ = {
			isa = PBXShellScriptBuildPhase;
			buildActionMask = 2147483647;
			files = (
			);
			inputPaths = (
			);
			name = "[CP] Check Pods Manifest.lock";
			outputPaths = (
			);
			runOnlyForDeploymentPostprocessing = 0;
			shellPath = /bin/sh;
			shellScript = "diff \"${PODS_PODFILE_DIR_PATH}/Podfile.lock\" \"${PODS_ROOT}/Manifest.lock\" > /dev/null\nif [ $? != 0 ] ; then\n    # print error to STDERR\n    echo \"error: The sandbox is not in sync with the Podfile.lock. Run 'pod install' or update your CocoaPods installation.\" >&2\n    exit 1\nfi\n";
			showEnvVarsInLog = 0;
		};
		ED074C74947FA3F2511A0A16 /* [CP] Copy Pods Resources */ = {
			isa = PBXShellScriptBuildPhase;
			buildActionMask = 2147483647;
			files = (
			);
			inputPaths = (
			);
			name = "[CP] Copy Pods Resources";
			outputPaths = (
			);
			runOnlyForDeploymentPostprocessing = 0;
			shellPath = /bin/sh;
			shellScript = "\"${SRCROOT}/Pods/Target Support Files/Pods-Node-Swift/Pods-Node-Swift-resources.sh\"\n";
			showEnvVarsInLog = 0;
		};
		F758B96926B2EA4521D4D89D /* [CP] Embed Pods Frameworks */ = {
			isa = PBXShellScriptBuildPhase;
			buildActionMask = 2147483647;
			files = (
			);
			inputPaths = (
			);
			name = "[CP] Embed Pods Frameworks";
			outputPaths = (
			);
			runOnlyForDeploymentPostprocessing = 0;
			shellPath = /bin/sh;
			shellScript = "\"${SRCROOT}/Pods/Target Support Files/Pods-Node-Swift/Pods-Node-Swift-frameworks.sh\"\n";
			showEnvVarsInLog = 0;
		};
/* End PBXShellScriptBuildPhase section */

/* Begin PBXSourcesBuildPhase section */
		7CCE4EA41F58E04E004D8089 /* Sources */ = {
			isa = PBXSourcesBuildPhase;
			buildActionMask = 2147483647;
			files = (
				7C0151F01F5C536D006F8E5D /* MainViewController.swift in Sources */,
				7C0151F61F5C5439006F8E5D /* Topic.swift in Sources */,
				7C0151EF1F5C536D006F8E5D /* TopicViewController.swift in Sources */,
				7C0151F91F5C5655006F8E5D /* TopicTableViewCell.swift in Sources */,
				7CCE4EAC1F58E04E004D8089 /* AppDelegate.swift in Sources */,
				7C0151F21F5C5398006F8E5D /* TopicsModel.swift in Sources */,
				7C0151F41F5C53B0006F8E5D /* Author.swift in Sources */,
			);
			runOnlyForDeploymentPostprocessing = 0;
		};
/* End PBXSourcesBuildPhase section */

/* Begin PBXVariantGroup section */
		7CCE4EAF1F58E04E004D8089 /* Main.storyboard */ = {
			isa = PBXVariantGroup;
			children = (
				7CCE4EB01F58E04E004D8089 /* Base */,
			);
			name = Main.storyboard;
			sourceTree = "<group>";
		};
		7CCE4EB41F58E04E004D8089 /* LaunchScreen.storyboard */ = {
			isa = PBXVariantGroup;
			children = (
				7CCE4EB51F58E04E004D8089 /* Base */,
			);
			name = LaunchScreen.storyboard;
			sourceTree = "<group>";
		};
/* End PBXVariantGroup section */

/* Begin XCBuildConfiguration section */
		7CCE4ECE1F58E04E004D8089 /* Debug */ = {
			isa = XCBuildConfiguration;
			buildSettings = {
				ALWAYS_SEARCH_USER_PATHS = NO;
				CLANG_ANALYZER_NONNULL = YES;
				CLANG_ANALYZER_NUMBER_OBJECT_CONVERSION = YES_AGGRESSIVE;
				CLANG_CXX_LANGUAGE_STANDARD = "gnu++0x";
				CLANG_CXX_LIBRARY = "libc++";
				CLANG_ENABLE_MODULES = YES;
				CLANG_ENABLE_OBJC_ARC = YES;
				CLANG_WARN_BOOL_CONVERSION = YES;
				CLANG_WARN_CONSTANT_CONVERSION = YES;
				CLANG_WARN_DIRECT_OBJC_ISA_USAGE = YES_ERROR;
				CLANG_WARN_DOCUMENTATION_COMMENTS = YES;
				CLANG_WARN_EMPTY_BODY = YES;
				CLANG_WARN_ENUM_CONVERSION = YES;
				CLANG_WARN_INFINITE_RECURSION = YES;
				CLANG_WARN_INT_CONVERSION = YES;
				CLANG_WARN_OBJC_ROOT_CLASS = YES_ERROR;
				CLANG_WARN_SUSPICIOUS_MOVE = YES;
				CLANG_WARN_UNREACHABLE_CODE = YES;
				CLANG_WARN__DUPLICATE_METHOD_MATCH = YES;
				"CODE_SIGN_IDENTITY[sdk=iphoneos*]" = "iPhone Developer";
				COPY_PHASE_STRIP = NO;
				DEBUG_INFORMATION_FORMAT = dwarf;
				ENABLE_STRICT_OBJC_MSGSEND = YES;
				ENABLE_TESTABILITY = YES;
				GCC_C_LANGUAGE_STANDARD = gnu99;
				GCC_DYNAMIC_NO_PIC = NO;
				GCC_NO_COMMON_BLOCKS = YES;
				GCC_OPTIMIZATION_LEVEL = 0;
				GCC_PREPROCESSOR_DEFINITIONS = (
					"DEBUG=1",
					"$(inherited)",
				);
				GCC_WARN_64_TO_32_BIT_CONVERSION = YES;
				GCC_WARN_ABOUT_RETURN_TYPE = YES_ERROR;
				GCC_WARN_UNDECLARED_SELECTOR = YES;
				GCC_WARN_UNINITIALIZED_AUTOS = YES_AGGRESSIVE;
				GCC_WARN_UNUSED_FUNCTION = YES;
				GCC_WARN_UNUSED_VARIABLE = YES;
				IPHONEOS_DEPLOYMENT_TARGET = 10.3;
				MTL_ENABLE_DEBUG_INFO = YES;
				ONLY_ACTIVE_ARCH = YES;
				SDKROOT = iphoneos;
				SWIFT_ACTIVE_COMPILATION_CONDITIONS = DEBUG;
				SWIFT_OPTIMIZATION_LEVEL = "-Onone";
			};
			name = Debug;
		};
		7CCE4ECF1F58E04E004D8089 /* Release */ = {
			isa = XCBuildConfiguration;
			buildSettings = {
				ALWAYS_SEARCH_USER_PATHS = NO;
				CLANG_ANALYZER_NONNULL = YES;
				CLANG_ANALYZER_NUMBER_OBJECT_CONVERSION = YES_AGGRESSIVE;
				CLANG_CXX_LANGUAGE_STANDARD = "gnu++0x";
				CLANG_CXX_LIBRARY = "libc++";
				CLANG_ENABLE_MODULES = YES;
				CLANG_ENABLE_OBJC_ARC = YES;
				CLANG_WARN_BOOL_CONVERSION = YES;
				CLANG_WARN_CONSTANT_CONVERSION = YES;
				CLANG_WARN_DIRECT_OBJC_ISA_USAGE = YES_ERROR;
				CLANG_WARN_DOCUMENTATION_COMMENTS = YES;
				CLANG_WARN_EMPTY_BODY = YES;
				CLANG_WARN_ENUM_CONVERSION = YES;
				CLANG_WARN_INFINITE_RECURSION = YES;
				CLANG_WARN_INT_CONVERSION = YES;
				CLANG_WARN_OBJC_ROOT_CLASS = YES_ERROR;
				CLANG_WARN_SUSPICIOUS_MOVE = YES;
				CLANG_WARN_UNREACHABLE_CODE = YES;
				CLANG_WARN__DUPLICATE_METHOD_MATCH = YES;
				"CODE_SIGN_IDENTITY[sdk=iphoneos*]" = "iPhone Developer";
				COPY_PHASE_STRIP = NO;
				DEBUG_INFORMATION_FORMAT = "dwarf-with-dsym";
				ENABLE_NS_ASSERTIONS = NO;
				ENABLE_STRICT_OBJC_MSGSEND = YES;
				GCC_C_LANGUAGE_STANDARD = gnu99;
				GCC_NO_COMMON_BLOCKS = YES;
				GCC_WARN_64_TO_32_BIT_CONVERSION = YES;
				GCC_WARN_ABOUT_RETURN_TYPE = YES_ERROR;
				GCC_WARN_UNDECLARED_SELECTOR = YES;
				GCC_WARN_UNINITIALIZED_AUTOS = YES_AGGRESSIVE;
				GCC_WARN_UNUSED_FUNCTION = YES;
				GCC_WARN_UNUSED_VARIABLE = YES;
				IPHONEOS_DEPLOYMENT_TARGET = 10.3;
				MTL_ENABLE_DEBUG_INFO = NO;
				SDKROOT = iphoneos;
				SWIFT_OPTIMIZATION_LEVEL = "-Owholemodule";
				VALIDATE_PRODUCT = YES;
			};
			name = Release;
		};
		7CCE4ED11F58E04E004D8089 /* Debug */ = {
			isa = XCBuildConfiguration;
			baseConfigurationReference = 37F8E3B960E69AE3468FA546 /* Pods-Node-Swift.debug.xcconfig */;
			buildSettings = {
				ASSETCATALOG_COMPILER_APPICON_NAME = AppIcon;
				DEVELOPMENT_TEAM = 2FT3LX2S2F;
				INFOPLIST_FILE = "Node-Swift/Info.plist";
				IPHONEOS_DEPLOYMENT_TARGET = 8.1;
				LD_RUNPATH_SEARCH_PATHS = "$(inherited) @executable_path/Frameworks";
				PRODUCT_BUNDLE_IDENTIFIER = "TF.Node-Swift";
				PRODUCT_NAME = "$(TARGET_NAME)";
				SWIFT_VERSION = 3.0;
			};
			name = Debug;
		};
		7CCE4ED21F58E04E004D8089 /* Release */ = {
			isa = XCBuildConfiguration;
			baseConfigurationReference = 790124E0A2CD178AE2425343 /* Pods-Node-Swift.release.xcconfig */;
			buildSettings = {
				ASSETCATALOG_COMPILER_APPICON_NAME = AppIcon;
				DEVELOPMENT_TEAM = 2FT3LX2S2F;
				INFOPLIST_FILE = "Node-Swift/Info.plist";
				IPHONEOS_DEPLOYMENT_TARGET = 8.1;
				LD_RUNPATH_SEARCH_PATHS = "$(inherited) @executable_path/Frameworks";
				PRODUCT_BUNDLE_IDENTIFIER = "TF.Node-Swift";
				PRODUCT_NAME = "$(TARGET_NAME)";
				SWIFT_VERSION = 3.0;
			};
			name = Release;
		};
/* End XCBuildConfiguration section */

/* Begin XCConfigurationList section */
		7CCE4EA31F58E04E004D8089 /* Build configuration list for PBXProject "Node-Swift" */ = {
			isa = XCConfigurationList;
			buildConfigurations = (
				7CCE4ECE1F58E04E004D8089 /* Debug */,
				7CCE4ECF1F58E04E004D8089 /* Release */,
			);
			defaultConfigurationIsVisible = 0;
			defaultConfigurationName = Release;
		};
		7CCE4ED01F58E04E004D8089 /* Build configuration list for PBXNativeTarget "Node-Swift" */ = {
			isa = XCConfigurationList;
			buildConfigurations = (
				7CCE4ED11F58E04E004D8089 /* Debug */,
				7CCE4ED21F58E04E004D8089 /* Release */,
			);
			defaultConfigurationIsVisible = 0;
			defaultConfigurationName = Release;
		};
/* End XCConfigurationList section */
	};
	rootObject = 7CCE4EA01F58E04E004D8089 /* Project object */;
}
